
Microsoft Visual Studio Solution File, Format Version 12.00
# Visual Studio Version 17
VisualStudioVersion = 17.14.36414.22 d17.14
MinimumVisualStudioVersion = 10.0.40219.1
Project("{FAE04EC0-301F-11D3-BF4B-00C04F79EFBC}") = "Sistemadecredito", "Sistemadecredito\Sistemadecredito.csproj", "{F85F585D-D210-4FE3-A299-2E85D8DC1746}"
EndProject
Global
	GlobalSection(SolutionConfigurationPlatforms) = preSolution
		Debug|Any CPU = Debug|Any CPU
		Release|Any CPU = Release|Any CPU
	EndGlobalSection
	GlobalSection(ProjectConfigurationPlatforms) = postSolution
		{F85F585D-D210-4FE3-A299-2E85D8DC1746}.Debug|Any CPU.ActiveCfg = Debug|Any CPU
		{F85F585D-D210-4FE3-A299-2E85D8DC1746}.Debug|Any CPU.Build.0 = Debug|Any CPU
		{F85F585D-D210-4FE3-A299-2E85D8DC1746}.Release|Any CPU.ActiveCfg = Release|Any CPU
		{F85F585D-D210-4FE3-A299-2E85D8DC1746}.Release|Any CPU.Build.0 = Release|Any CPU
	EndGlobalSection
	GlobalSection(SolutionProperties) = preSolution
		HideSolutionNode = FALSE
	EndGlobalSection
	GlobalSection(ExtensibilityGlobals) = postSolution
		SolutionGuid = {30849C18-6778-425A-BD21-E050490040C2}
	EndGlobalSection
EndGlobal
